
Microsoft Visual Studio Solution File, Format Version 12.00
# Visual Studio Version 17
VisualStudioVersion = 17.12.35527.113
MinimumVisualStudioVersion = 10.0.40219.1
Project("{FAE04EC0-301F-11D3-BF4B-00C04F79EFBC}") = "AppGroupe2", "AppGroupe2\AppGroupe2.csproj", "{6A7BB9DB-241C-4BE4-B2BE-9DC130EB25BC}"
	ProjectSection(ProjectDependencies) = postProject
		{FA301561-7E81-437A-BCD4-A895371E8DA2} = {FA301561-7E81-437A-BCD4-A895371E8DA2}
	EndProjectSection
EndProject
Project("{54435603-DBB4-11D2-8724-00A0C9A8B90C}") = "SetupRvMedical", "SetupRvMedical\SetupRvMedical.vdproj", "{05AE5269-C618-457D-ABB8-547C397C5656}"
EndProject
Project("{FAE04EC0-301F-11D3-BF4B-00C04F79EFBC}") = "MetierRvMedical", "MetierRvMedical\MetierRvMedical.csproj", "{FA301561-7E81-437A-BCD4-A895371E8DA2}"
EndProject
Project("{FAE04EC0-301F-11D3-BF4B-00C04F79EFBC}") = "APIRvMedical", "APIRvMedical\APIRvMedical.csproj", "{B09ED32B-8BFA-42D7-83D3-F93EEAE8E8FA}"
EndProject
Project("{FAE04EC0-301F-11D3-BF4B-00C04F79EFBC}") = "ServiceSendMail", "ServiceSendMail\ServiceSendMail.csproj", "{69F8AF66-4D0D-44F6-85FC-CC3B9A996BB2}"
EndProject
Project("{54435603-DBB4-11D2-8724-00A0C9A8B90C}") = "SetupSendMail", "SetupSendMail\SetupSendMail.vdproj", "{61102EC9-D154-4DCB-A702-0352C60F3C8C}"
EndProject
Global
	GlobalSection(SolutionConfigurationPlatforms) = preSolution
		Debug|Any CPU = Debug|Any CPU
		Release|Any CPU = Release|Any CPU
	EndGlobalSection
	GlobalSection(ProjectConfigurationPlatforms) = postSolution
		{6A7BB9DB-241C-4BE4-B2BE-9DC130EB25BC}.Debug|Any CPU.ActiveCfg = Debug|Any CPU
		{6A7BB9DB-241C-4BE4-B2BE-9DC130EB25BC}.Debug|Any CPU.Build.0 = Debug|Any CPU
		{6A7BB9DB-241C-4BE4-B2BE-9DC130EB25BC}.Release|Any CPU.ActiveCfg = Release|Any CPU
		{6A7BB9DB-241C-4BE4-B2BE-9DC130EB25BC}.Release|Any CPU.Build.0 = Release|Any CPU
		{05AE5269-C618-457D-ABB8-547C397C5656}.Debug|Any CPU.ActiveCfg = Debug
		{05AE5269-C618-457D-ABB8-547C397C5656}.Release|Any CPU.ActiveCfg = Release
		{FA301561-7E81-437A-BCD4-A895371E8DA2}.Debug|Any CPU.ActiveCfg = Debug|Any CPU
		{FA301561-7E81-437A-BCD4-A895371E8DA2}.Debug|Any CPU.Build.0 = Debug|Any CPU
		{FA301561-7E81-437A-BCD4-A895371E8DA2}.Release|Any CPU.ActiveCfg = Release|Any CPU
		{FA301561-7E81-437A-BCD4-A895371E8DA2}.Release|Any CPU.Build.0 = Release|Any CPU
		{B09ED32B-8BFA-42D7-83D3-F93EEAE8E8FA}.Debug|Any CPU.ActiveCfg = Debug|Any CPU
		{B09ED32B-8BFA-42D7-83D3-F93EEAE8E8FA}.Debug|Any CPU.Build.0 = Debug|Any CPU
		{B09ED32B-8BFA-42D7-83D3-F93EEAE8E8FA}.Release|Any CPU.ActiveCfg = Release|Any CPU
		{B09ED32B-8BFA-42D7-83D3-F93EEAE8E8FA}.Release|Any CPU.Build.0 = Release|Any CPU
		{69F8AF66-4D0D-44F6-85FC-CC3B9A996BB2}.Debug|Any CPU.ActiveCfg = Debug|Any CPU
		{69F8AF66-4D0D-44F6-85FC-CC3B9A996BB2}.Debug|Any CPU.Build.0 = Debug|Any CPU
		{69F8AF66-4D0D-44F6-85FC-CC3B9A996BB2}.Release|Any CPU.ActiveCfg = Release|Any CPU
		{69F8AF66-4D0D-44F6-85FC-CC3B9A996BB2}.Release|Any CPU.Build.0 = Release|Any CPU
		{61102EC9-D154-4DCB-A702-0352C60F3C8C}.Debug|Any CPU.ActiveCfg = Debug
		{61102EC9-D154-4DCB-A702-0352C60F3C8C}.Release|Any CPU.ActiveCfg = Release
	EndGlobalSection
	GlobalSection(SolutionProperties) = preSolution
		HideSolutionNode = FALSE
	EndGlobalSection
EndGlobal
